{
	"name": "xsystem",
	"version": "0.1.0",
	"lockfileVersion": 2,
	"requires": true,
	"packages": {
		"": {
			"name": "xsystem",
			"version": "0.1.0",
			"license": "MIT",
			"devDependencies": {
				"typescript": "^4.4.2"
			},
			"peerDependencies": {
				"xstate": "^4.23.4"
			}
		},
		"node_modules/typescript": {
			"version": "4.4.2",
			"resolved": "https://registry.npmjs.org/typescript/-/typescript-4.4.2.tgz",
			"integrity": "sha512-gzP+t5W4hdy4c+68bfcv0t400HVJMMd2+H9B7gae1nQlBzCqvrXX+6GL/b3GAgyTH966pzrZ70/fRjwAtZksSQ==",
			"dev": true,
			"bin": {
				"tsc": "bin/tsc",
				"tsserver": "bin/tsserver"
			},
			"engines": {
				"node": ">=4.2.0"
			}
		},
		"node_modules/xstate": {
			"version": "4.23.4",
			"resolved": "https://registry.npmjs.org/xstate/-/xstate-4.23.4.tgz",
			"integrity": "sha512-lWaUvyrd0HGhosyKnf8i9wBlszVaS+/uIs0EfnuPYNsZIh1BW9ed4bZ64P57wVYk2uln7v3u+Mv98FC+r8xrxQ==",
			"peer": true,
			"funding": {
				"type": "opencollective",
				"url": "https://opencollective.com/xstate"
			}
		}
	},
	"dependencies": {
		"typescript": {
			"version": "4.4.2",
			"resolved": "https://registry.npmjs.org/typescript/-/typescript-4.4.2.tgz",
			"integrity": "sha512-gzP+t5W4hdy4c+68bfcv0t400HVJMMd2+H9B7gae1nQlBzCqvrXX+6GL/b3GAgyTH966pzrZ70/fRjwAtZksSQ==",
			"dev": true
		},
		"xstate": {
			"version": "4.23.4",
			"resolved": "https://registry.npmjs.org/xstate/-/xstate-4.23.4.tgz",
			"integrity": "sha512-lWaUvyrd0HGhosyKnf8i9wBlszVaS+/uIs0EfnuPYNsZIh1BW9ed4bZ64P57wVYk2uln7v3u+Mv98FC+r8xrxQ==",
			"peer": true
		}
	}
}
